{
  "requires": true,
  "lockfileVersion": 1,
  "dependencies": {
    "deepmerge": {
      "version": "4.2.2",
      "resolved": "https://registry.npmjs.org/deepmerge/-/deepmerge-4.2.2.tgz",
      "integrity": "sha512-FJ3UgI4gIl+PHZm53knsuSFpE+nESMr7M4v9QcgB7S63Kj/6WqMiFQJpBBYz1Pt+66bZpP3Q7Lye0Oo9MPKEdg=="
    },
    "flatted": {
      "version": "2.0.2",
      "resolved": "https://registry.npmjs.org/flatted/-/flatted-2.0.2.tgz",
      "integrity": "sha512-r5wGx7YeOwNWNlCA0wQ86zKyDLMQr+/RB8xy74M4hTphfmjlijTSSXGuH8rnvKZnfT9i+75zmd8jcKdMR4O6jA=="
    },
    "vuex-persist": {
      "version": "3.1.0",
      "resolved": "https://registry.npmjs.org/vuex-persist/-/vuex-persist-3.1.0.tgz",
      "integrity": "sha512-Qhq2Mmk++RLmqKmiyFr574RmDyjYKDM4AniulD8MCA8j1iX+ZvaAQxrr6s/fAw6ttTup6kHEW1mKFb9l+9zguQ==",
      "requires": {
        "deepmerge": "^4.2.2",
        "flatted": "^2.0.0"
      }
    }
  }
}
